
Microsoft Visual Studio Solution File, Format Version 12.00
# Visual Studio 15
VisualStudioVersion = 15.0.28307.1082
MinimumVisualStudioVersion = 10.0.40219.1
Project("{FAE04EC0-301F-11D3-BF4B-00C04F79EFBC}") = "GameDataCreator", "GameDataCreator.csproj", "{252EDC4E-393D-46DD-B3AE-E03EF9F100CA}"
EndProject
Global
	GlobalSection(SolutionConfigurationPlatforms) = preSolution
		Debug|Any CPU = Debug|Any CPU
		Release|Any CPU = Release|Any CPU
	EndGlobalSection
	GlobalSection(ProjectConfigurationPlatforms) = postSolution
		{252EDC4E-393D-46DD-B3AE-E03EF9F100CA}.Debug|Any CPU.ActiveCfg = Debug|Any CPU
		{252EDC4E-393D-46DD-B3AE-E03EF9F100CA}.Debug|Any CPU.Build.0 = Debug|Any CPU
		{252EDC4E-393D-46DD-B3AE-E03EF9F100CA}.Release|Any CPU.ActiveCfg = Release|Any CPU
		{252EDC4E-393D-46DD-B3AE-E03EF9F100CA}.Release|Any CPU.Build.0 = Release|Any CPU
	EndGlobalSection
	GlobalSection(SolutionProperties) = preSolution
		HideSolutionNode = FALSE
	EndGlobalSection
	GlobalSection(ExtensibilityGlobals) = postSolution
		SolutionGuid = {0A83BDF6-6F94-4D49-875B-ADA4BB804063}
	EndGlobalSection
EndGlobal
